// !$*UTF8*$!
{
	archiveVersion = 1;
	classes = {
	};
	objectVersion = 46;
	objects = {

/* Begin PBXBuildFile section */
		FE04924814E97AFF007587C2 /* README.md in Resources */ = {isa = PBXBuildFile; fileRef = FE04924714E97AFF007587C2 /* README.md */; };
		FE4E239814EA72E500CB333E /* SVProgressHUD.bundle in Resources */ = {isa = PBXBuildFile; fileRef = FE4E239514EA72E500CB333E /* SVProgressHUD.bundle */; };
		FE4E239914EA72E500CB333E /* SVProgressHUD.m in Sources */ = {isa = PBXBuildFile; fileRef = FE4E239714EA72E500CB333E /* SVProgressHUD.m */; };
		FED912B514E95326005C7E12 /* UIKit.framework in Frameworks */ = {isa = PBXBuildFile; fileRef = FED912B414E95326005C7E12 /* UIKit.framework */; };
		FED912B714E95326005C7E12 /* Foundation.framework in Frameworks */ = {isa = PBXBuildFile; fileRef = FED912B614E95326005C7E12 /* Foundation.framework */; };
		FED912B914E95326005C7E12 /* CoreGraphics.framework in Frameworks */ = {isa = PBXBuildFile; fileRef = FED912B814E95326005C7E12 /* CoreGraphics.framework */; };
		FED912BF14E95326005C7E12 /* InfoPlist.strings in Resources */ = {isa = PBXBuildFile; fileRef = FED912BD14E95326005C7E12 /* InfoPlist.strings */; };
		FED912C114E95326005C7E12 /* main.m in Sources */ = {isa = PBXBuildFile; fileRef = FED912C014E95326005C7E12 /* main.m */; };
		FED912C514E95326005C7E12 /* AGAppDelegate.m in Sources */ = {isa = PBXBuildFile; fileRef = FED912C414E95326005C7E12 /* AGAppDelegate.m */; };
		FED912C814E95326005C7E12 /* AGViewController.m in Sources */ = {isa = PBXBuildFile; fileRef = FED912C714E95326005C7E12 /* AGViewController.m */; };
		FED912CB14E95326005C7E12 /* AGViewController_iPhone.xib in Resources */ = {isa = PBXBuildFile; fileRef = FED912C914E95326005C7E12 /* AGViewController_iPhone.xib */; };
		FED912CE14E95326005C7E12 /* AGViewController_iPad.xib in Resources */ = {isa = PBXBuildFile; fileRef = FED912CC14E95326005C7E12 /* AGViewController_iPad.xib */; };
		FED912D514E95352005C7E12 /* icon.png in Resources */ = {isa = PBXBuildFile; fileRef = FED912D414E95352005C7E12 /* icon.png */; };
		FED912D714E95354005C7E12 /* icon@2x.png in Resources */ = {isa = PBXBuildFile; fileRef = FED912D614E95354005C7E12 /* icon@2x.png */; };
/* End PBXBuildFile section */

/* Begin PBXFileReference section */
		FE04924714E97AFF007587C2 /* README.md */ = {isa = PBXFileReference; fileEncoding = 4; lastKnownFileType = text; path = README.md; sourceTree = SOURCE_ROOT; };
		FE4E239514EA72E500CB333E /* SVProgressHUD.bundle */ = {isa = PBXFileReference; lastKnownFileType = "wrapper.plug-in"; path = SVProgressHUD.bundle; sourceTree = "<group>"; };
		FE4E239614EA72E500CB333E /* SVProgressHUD.h */ = {isa = PBXFileReference; fileEncoding = 4; lastKnownFileType = sourcecode.c.h; path = SVProgressHUD.h; sourceTree = "<group>"; };
		FE4E239714EA72E500CB333E /* SVProgressHUD.m */ = {isa = PBXFileReference; fileEncoding = 4; lastKnownFileType = sourcecode.c.objc; path = SVProgressHUD.m; sourceTree = "<group>"; };
		FED912B014E95326005C7E12 /* Photo Importer.app */ = {isa = PBXFileReference; explicitFileType = wrapper.application; includeInIndex = 0; path = "Photo Importer.app"; sourceTree = BUILT_PRODUCTS_DIR; };
		FED912B414E95326005C7E12 /* UIKit.framework */ = {isa = PBXFileReference; lastKnownFileType = wrapper.framework; name = UIKit.framework; path = System/Library/Frameworks/UIKit.framework; sourceTree = SDKROOT; };
		FED912B614E95326005C7E12 /* Foundation.framework */ = {isa = PBXFileReference; lastKnownFileType = wrapper.framework; name = Foundation.framework; path = System/Library/Frameworks/Foundation.framework; sourceTree = SDKROOT; };
		FED912B814E95326005C7E12 /* CoreGraphics.framework */ = {isa = PBXFileReference; lastKnownFileType = wrapper.framework; name = CoreGraphics.framework; path = System/Library/Frameworks/CoreGraphics.framework; sourceTree = SDKROOT; };
		FED912BC14E95326005C7E12 /* Photo Importer-Info.plist */ = {isa = PBXFileReference; lastKnownFileType = text.plist.xml; path = "Photo Importer-Info.plist"; sourceTree = "<group>"; };
		FED912BE14E95326005C7E12 /* en */ = {isa = PBXFileReference; lastKnownFileType = text.plist.strings; name = en; path = en.lproj/InfoPlist.strings; sourceTree = "<group>"; };
		FED912C014E95326005C7E12 /* main.m */ = {isa = PBXFileReference; lastKnownFileType = sourcecode.c.objc; path = main.m; sourceTree = "<group>"; };
		FED912C214E95326005C7E12 /* Photo Importer-Prefix.pch */ = {isa = PBXFileReference; lastKnownFileType = sourcecode.c.h; path = "Photo Importer-Prefix.pch"; sourceTree = "<group>"; };
		FED912C314E95326005C7E12 /* AGAppDelegate.h */ = {isa = PBXFileReference; lastKnownFileType = sourcecode.c.h; path = AGAppDelegate.h; sourceTree = "<group>"; };
		FED912C414E95326005C7E12 /* AGAppDelegate.m */ = {isa = PBXFileReference; lastKnownFileType = sourcecode.c.objc; path = AGAppDelegate.m; sourceTree = "<group>"; };
		FED912C614E95326005C7E12 /* AGViewController.h */ = {isa = PBXFileReference; lastKnownFileType = sourcecode.c.h; path = AGViewController.h; sourceTree = "<group>"; };
		FED912C714E95326005C7E12 /* AGViewController.m */ = {isa = PBXFileReference; lastKnownFileType = sourcecode.c.objc; path = AGViewController.m; sourceTree = "<group>"; };
		FED912CA14E95326005C7E12 /* en */ = {isa = PBXFileReference; lastKnownFileType = file.xib; name = en; path = en.lproj/AGViewController_iPhone.xib; sourceTree = "<group>"; };
		FED912CD14E95326005C7E12 /* en */ = {isa = PBXFileReference; lastKnownFileType = file.xib; name = en; path = en.lproj/AGViewController_iPad.xib; sourceTree = "<group>"; };
		FED912D414E95352005C7E12 /* icon.png */ = {isa = PBXFileReference; lastKnownFileType = image.png; name = icon.png; path = ../icon.png; sourceTree = "<group>"; };
		FED912D614E95354005C7E12 /* icon@2x.png */ = {isa = PBXFileReference; lastKnownFileType = image.png; name = "icon@2x.png"; path = "../icon@2x.png"; sourceTree = "<group>"; };
/* End PBXFileReference section */

/* Begin PBXFrameworksBuildPhase section */
		FED912AD14E95326005C7E12 /* Frameworks */ = {
			isa = PBXFrameworksBuildPhase;
			buildActionMask = 2147483647;
			files = (
				FED912B514E95326005C7E12 /* UIKit.framework in Frameworks */,
				FED912B714E95326005C7E12 /* Foundation.framework in Frameworks */,
				FED912B914E95326005C7E12 /* CoreGraphics.framework in Frameworks */,
			);
			runOnlyForDeploymentPostprocessing = 0;
		};
/* End PBXFrameworksBuildPhase section */

/* Begin PBXGroup section */
		FE4E239314EA72E500CB333E /* Externals */ = {
			isa = PBXGroup;
			children = (
				FE4E239414EA72E500CB333E /* SVProgressHUD */,
			);
			path = Externals;
			sourceTree = "<group>";
		};
		FE4E239414EA72E500CB333E /* SVProgressHUD */ = {
			isa = PBXGroup;
			children = (
				FE4E239514EA72E500CB333E /* SVProgressHUD.bundle */,
				FE4E239614EA72E500CB333E /* SVProgressHUD.h */,
				FE4E239714EA72E500CB333E /* SVProgressHUD.m */,
			);
			path = SVProgressHUD;
			sourceTree = "<group>";
		};
		FED912A514E95326005C7E12 = {
			isa = PBXGroup;
			children = (
				FE4E239314EA72E500CB333E /* Externals */,
				FED912BA14E95326005C7E12 /* Photo Importer */,
				FED912B314E95326005C7E12 /* Frameworks */,
				FED912B114E95326005C7E12 /* Products */,
			);
			sourceTree = "<group>";
		};
		FED912B114E95326005C7E12 /* Products */ = {
			isa = PBXGroup;
			children = (
				FED912B014E95326005C7E12 /* Photo Importer.app */,
			);
			name = Products;
			sourceTree = "<group>";
		};
		FED912B314E95326005C7E12 /* Frameworks */ = {
			isa = PBXGroup;
			children = (
				FED912B414E95326005C7E12 /* UIKit.framework */,
				FED912B614E95326005C7E12 /* Foundation.framework */,
				FED912B814E95326005C7E12 /* CoreGraphics.framework */,
			);
			name = Frameworks;
			sourceTree = "<group>";
		};
		FED912BA14E95326005C7E12 /* Photo Importer */ = {
			isa = PBXGroup;
			children = (
				FED912C314E95326005C7E12 /* AGAppDelegate.h */,
				FED912C414E95326005C7E12 /* AGAppDelegate.m */,
				FED912C614E95326005C7E12 /* AGViewController.h */,
				FED912C714E95326005C7E12 /* AGViewController.m */,
				FED912C914E95326005C7E12 /* AGViewController_iPhone.xib */,
				FED912CC14E95326005C7E12 /* AGViewController_iPad.xib */,
				FED912BB14E95326005C7E12 /* Supporting Files */,
			);
			path = "Photo Importer";
			sourceTree = "<group>";
		};
		FED912BB14E95326005C7E12 /* Supporting Files */ = {
			isa = PBXGroup;
			children = (
				FE04924714E97AFF007587C2 /* README.md */,
				FED912D614E95354005C7E12 /* icon@2x.png */,
				FED912D414E95352005C7E12 /* icon.png */,
				FED912BC14E95326005C7E12 /* Photo Importer-Info.plist */,
				FED912BD14E95326005C7E12 /* InfoPlist.strings */,
				FED912C014E95326005C7E12 /* main.m */,
				FED912C214E95326005C7E12 /* Photo Importer-Prefix.pch */,
			);
			name = "Supporting Files";
			sourceTree = "<group>";
		};
/* End PBXGroup section */

/* Begin PBXNativeTarget section */
		FED912AF14E95326005C7E12 /* Photo Importer */ = {
			isa = PBXNativeTarget;
			buildConfigurationList = FED912D114E95326005C7E12 /* Build configuration list for PBXNativeTarget "Photo Importer" */;
			buildPhases = (
				FED912AC14E95326005C7E12 /* Sources */,
				FED912AD14E95326005C7E12 /* Frameworks */,
				FED912AE14E95326005C7E12 /* Resources */,
			);
			buildRules = (
			);
			dependencies = (
			);
			name = "Photo Importer";
			productName = "Photo Importer";
			productReference = FED912B014E95326005C7E12 /* Photo Importer.app */;
			productType = "com.apple.product-type.application";
		};
/* End PBXNativeTarget section */

/* Begin PBXProject section */
		FED912A714E95326005C7E12 /* Project object */ = {
			isa = PBXProject;
			attributes = {
				LastUpgradeCheck = 0420;
				ORGANIZATIONNAME = "Universitatea \"Babes-Bolyai\"";
			};
			buildConfigurationList = FED912AA14E95326005C7E12 /* Build configuration list for PBXProject "Photo Importer" */;
			compatibilityVersion = "Xcode 3.2";
			developmentRegion = English;
			hasScannedForEncodings = 0;
			knownRegions = (
				en,
			);
			mainGroup = FED912A514E95326005C7E12;
			productRefGroup = FED912B114E95326005C7E12 /* Products */;
			projectDirPath = "";
			projectRoot = "";
			targets = (
				FED912AF14E95326005C7E12 /* Photo Importer */,
			);
		};
/* End PBXProject section */

/* Begin PBXResourcesBuildPhase section */
		FED912AE14E95326005C7E12 /* Resources */ = {
			isa = PBXResourcesBuildPhase;
			buildActionMask = 2147483647;
			files = (
				FED912BF14E95326005C7E12 /* InfoPlist.strings in Resources */,
				FED912CB14E95326005C7E12 /* AGViewController_iPhone.xib in Resources */,
				FED912CE14E95326005C7E12 /* AGViewController_iPad.xib in Resources */,
				FED912D514E95352005C7E12 /* icon.png in Resources */,
				FED912D714E95354005C7E12 /* icon@2x.png in Resources */,
				FE04924814E97AFF007587C2 /* README.md in Resources */,
				FE4E239814EA72E500CB333E /* SVProgressHUD.bundle in Resources */,
			);
			runOnlyForDeploymentPostprocessing = 0;
		};
/* End PBXResourcesBuildPhase section */

/* Begin PBXSourcesBuildPhase section */
		FED912AC14E95326005C7E12 /* Sources */ = {
			isa = PBXSourcesBuildPhase;
			buildActionMask = 2147483647;
			files = (
				FED912C114E95326005C7E12 /* main.m in Sources */,
				FED912C514E95326005C7E12 /* AGAppDelegate.m in Sources */,
				FED912C814E95326005C7E12 /* AGViewController.m in Sources */,
				FE4E239914EA72E500CB333E /* SVProgressHUD.m in Sources */,
			);
			runOnlyForDeploymentPostprocessing = 0;
		};
/* End PBXSourcesBuildPhase section */

/* Begin PBXVariantGroup section */
		FED912BD14E95326005C7E12 /* InfoPlist.strings */ = {
			isa = PBXVariantGroup;
			children = (
				FED912BE14E95326005C7E12 /* en */,
			);
			name = InfoPlist.strings;
			sourceTree = "<group>";
		};
		FED912C914E95326005C7E12 /* AGViewController_iPhone.xib */ = {
			isa = PBXVariantGroup;
			children = (
				FED912CA14E95326005C7E12 /* en */,
			);
			name = AGViewController_iPhone.xib;
			sourceTree = "<group>";
		};
		FED912CC14E95326005C7E12 /* AGViewController_iPad.xib */ = {
			isa = PBXVariantGroup;
			children = (
				FED912CD14E95326005C7E12 /* en */,
			);
			name = AGViewController_iPad.xib;
			sourceTree = "<group>";
		};
/* End PBXVariantGroup section */

/* Begin XCBuildConfiguration section */
		FED912CF14E95326005C7E12 /* Debug */ = {
			isa = XCBuildConfiguration;
			buildSettings = {
				ALWAYS_SEARCH_USER_PATHS = NO;
				ARCHS = "$(ARCHS_STANDARD_32_BIT)";
				"CODE_SIGN_IDENTITY[sdk=iphoneos*]" = "iPhone Developer";
				COPY_PHASE_STRIP = NO;
				GCC_C_LANGUAGE_STANDARD = gnu99;
				GCC_DYNAMIC_NO_PIC = NO;
				GCC_OPTIMIZATION_LEVEL = 0;
				GCC_PREPROCESSOR_DEFINITIONS = (
					"DEBUG=1",
					"$(inherited)",
				);
				GCC_SYMBOLS_PRIVATE_EXTERN = NO;
				GCC_VERSION = com.apple.compilers.llvm.clang.1_0;
				GCC_WARN_ABOUT_MISSING_PROTOTYPES = YES;
				GCC_WARN_ABOUT_RETURN_TYPE = YES;
				GCC_WARN_UNUSED_VARIABLE = YES;
				IPHONEOS_DEPLOYMENT_TARGET = 5.0;
				SDKROOT = iphoneos;
				TARGETED_DEVICE_FAMILY = "1,2";
			};
			name = Debug;
		};
		FED912D014E95326005C7E12 /* Release */ = {
			isa = XCBuildConfiguration;
			buildSettings = {
				ALWAYS_SEARCH_USER_PATHS = NO;
				ARCHS = "$(ARCHS_STANDARD_32_BIT)";
				"CODE_SIGN_IDENTITY[sdk=iphoneos*]" = "iPhone Developer";
				COPY_PHASE_STRIP = YES;
				GCC_C_LANGUAGE_STANDARD = gnu99;
				GCC_VERSION = com.apple.compilers.llvm.clang.1_0;
				GCC_WARN_ABOUT_MISSING_PROTOTYPES = YES;
				GCC_WARN_ABOUT_RETURN_TYPE = YES;
				GCC_WARN_UNUSED_VARIABLE = YES;
				IPHONEOS_DEPLOYMENT_TARGET = 5.0;
				OTHER_CFLAGS = "-DNS_BLOCK_ASSERTIONS=1";
				SDKROOT = iphoneos;
				TARGETED_DEVICE_FAMILY = "1,2";
				VALIDATE_PRODUCT = YES;
			};
			name = Release;
		};
		FED912D214E95326005C7E12 /* Debug */ = {
			isa = XCBuildConfiguration;
			buildSettings = {
				GCC_PRECOMPILE_PREFIX_HEADER = YES;
				GCC_PREFIX_HEADER = "Photo Importer/Photo Importer-Prefix.pch";
				INFOPLIST_FILE = "Photo Importer/Photo Importer-Info.plist";
				IPHONEOS_DEPLOYMENT_TARGET = 4.0;
				PRODUCT_NAME = "$(TARGET_NAME)";
				WRAPPER_EXTENSION = app;
			};
			name = Debug;
		};
		FED912D314E95326005C7E12 /* Release */ = {
			isa = XCBuildConfiguration;
			buildSettings = {
				GCC_PRECOMPILE_PREFIX_HEADER = YES;
				GCC_PREFIX_HEADER = "Photo Importer/Photo Importer-Prefix.pch";
				INFOPLIST_FILE = "Photo Importer/Photo Importer-Info.plist";
				IPHONEOS_DEPLOYMENT_TARGET = 4.0;
				PRODUCT_NAME = "$(TARGET_NAME)";
				WRAPPER_EXTENSION = app;
			};
			name = Release;
		};
/* End XCBuildConfiguration section */

/* Begin XCConfigurationList section */
		FED912AA14E95326005C7E12 /* Build configuration list for PBXProject "Photo Importer" */ = {
			isa = XCConfigurationList;
			buildConfigurations = (
				FED912CF14E95326005C7E12 /* Debug */,
				FED912D014E95326005C7E12 /* Release */,
			);
			defaultConfigurationIsVisible = 0;
			defaultConfigurationName = Release;
		};
		FED912D114E95326005C7E12 /* Build configuration list for PBXNativeTarget "Photo Importer" */ = {
			isa = XCConfigurationList;
			buildConfigurations = (
				FED912D214E95326005C7E12 /* Debug */,
				FED912D314E95326005C7E12 /* Release */,
			);
			defaultConfigurationIsVisible = 0;
			defaultConfigurationName = Release;
		};
/* End XCConfigurationList section */
	};
	rootObject = FED912A714E95326005C7E12 /* Project object */;
}
